
Microsoft Visual Studio Solution File, Format Version 12.00
# Visual Studio Version 16
VisualStudioVersion = 16.0.31613.86
MinimumVisualStudioVersion = 10.0.40219.1
Project("{FAE04EC0-301F-11D3-BF4B-00C04F79EFBC}") = "QuestionsAndAnwers.Data", "QuestionsAndAnwers.Data\QuestionsAndAnwers.Data.csproj", "{0FFE9C0E-9E67-49FE-A708-F647B2B580DF}"
EndProject
Project("{FAE04EC0-301F-11D3-BF4B-00C04F79EFBC}") = "QuestionsAndAnswers.Web", "QuestionsAndAnswers.Web\QuestionsAndAnswers.Web.csproj", "{66EA6DAB-D306-41ED-964A-D5C02D290B06}"
EndProject
Global
	GlobalSection(SolutionConfigurationPlatforms) = preSolution
		Debug|Any CPU = Debug|Any CPU
		Release|Any CPU = Release|Any CPU
	EndGlobalSection
	GlobalSection(ProjectConfigurationPlatforms) = postSolution
		{0FFE9C0E-9E67-49FE-A708-F647B2B580DF}.Debug|Any CPU.ActiveCfg = Debug|Any CPU
		{0FFE9C0E-9E67-49FE-A708-F647B2B580DF}.Debug|Any CPU.Build.0 = Debug|Any CPU
		{0FFE9C0E-9E67-49FE-A708-F647B2B580DF}.Release|Any CPU.ActiveCfg = Release|Any CPU
		{0FFE9C0E-9E67-49FE-A708-F647B2B580DF}.Release|Any CPU.Build.0 = Release|Any CPU
		{66EA6DAB-D306-41ED-964A-D5C02D290B06}.Debug|Any CPU.ActiveCfg = Debug|Any CPU
		{66EA6DAB-D306-41ED-964A-D5C02D290B06}.Debug|Any CPU.Build.0 = Debug|Any CPU
		{66EA6DAB-D306-41ED-964A-D5C02D290B06}.Release|Any CPU.ActiveCfg = Release|Any CPU
		{66EA6DAB-D306-41ED-964A-D5C02D290B06}.Release|Any CPU.Build.0 = Release|Any CPU
	EndGlobalSection
	GlobalSection(SolutionProperties) = preSolution
		HideSolutionNode = FALSE
	EndGlobalSection
	GlobalSection(ExtensibilityGlobals) = postSolution
		SolutionGuid = {38074ACF-8A9C-410E-9443-EE2A9FDBDD85}
	EndGlobalSection
EndGlobal
